
Microsoft Visual Studio Solution File, Format Version 12.00
# Visual Studio 2012
Project("{2150E333-8FDC-42A3-9474-1A3956D46DE8}") = "Solution Items", "Solution Items", "{BA3BB12A-5B88-466C-8E86-F0A11BD07D7D}"
EndProject
Project("{FAE04EC0-301F-11D3-BF4B-00C04F79EFBC}") = "exportadorfacturas", "exportadorfacturas\exportadorfacturas.csproj", "{734C0EEA-B00E-4CC9-AB95-A5AF285FED25}"
EndProject
Project("{FAE04EC0-301F-11D3-BF4B-00C04F79EFBC}") = "CsDatos", "CsDatos\CsDatos.csproj", "{E7360B42-2A58-4711-815C-42C858BE460E}"
EndProject
Project("{FAE04EC0-301F-11D3-BF4B-00C04F79EFBC}") = "CsNegocio", "CsNegocio\CsNegocio.csproj", "{813B61B9-8CE8-466B-BEE1-04A0BD7B2C11}"
EndProject
Global
	GlobalSection(SolutionConfigurationPlatforms) = preSolution
		Debug|Any CPU = Debug|Any CPU
		Release|Any CPU = Release|Any CPU
	EndGlobalSection
	GlobalSection(ProjectConfigurationPlatforms) = postSolution
		{734C0EEA-B00E-4CC9-AB95-A5AF285FED25}.Debug|Any CPU.ActiveCfg = Debug|Any CPU
		{734C0EEA-B00E-4CC9-AB95-A5AF285FED25}.Debug|Any CPU.Build.0 = Debug|Any CPU
		{734C0EEA-B00E-4CC9-AB95-A5AF285FED25}.Release|Any CPU.ActiveCfg = Release|Any CPU
		{734C0EEA-B00E-4CC9-AB95-A5AF285FED25}.Release|Any CPU.Build.0 = Release|Any CPU
		{E7360B42-2A58-4711-815C-42C858BE460E}.Debug|Any CPU.ActiveCfg = Debug|Any CPU
		{E7360B42-2A58-4711-815C-42C858BE460E}.Debug|Any CPU.Build.0 = Debug|Any CPU
		{E7360B42-2A58-4711-815C-42C858BE460E}.Release|Any CPU.ActiveCfg = Release|Any CPU
		{E7360B42-2A58-4711-815C-42C858BE460E}.Release|Any CPU.Build.0 = Release|Any CPU
		{813B61B9-8CE8-466B-BEE1-04A0BD7B2C11}.Debug|Any CPU.ActiveCfg = Debug|Any CPU
		{813B61B9-8CE8-466B-BEE1-04A0BD7B2C11}.Debug|Any CPU.Build.0 = Debug|Any CPU
		{813B61B9-8CE8-466B-BEE1-04A0BD7B2C11}.Release|Any CPU.ActiveCfg = Release|Any CPU
		{813B61B9-8CE8-466B-BEE1-04A0BD7B2C11}.Release|Any CPU.Build.0 = Release|Any CPU
	EndGlobalSection
	GlobalSection(SolutionProperties) = preSolution
		HideSolutionNode = FALSE
	EndGlobalSection
EndGlobal
